
Microsoft Visual Studio Solution File, Format Version 12.00
# Visual Studio 15
VisualStudioVersion = 15.0.27428.2015
MinimumVisualStudioVersion = 10.0.40219.1
Project("{9A19103F-16F7-4668-BE54-9A1E7A4F7556}") = "Application", "Application\Application.csproj", "{4A317A4E-8857-4DCF-A1AC-AE80B1349E02}"
EndProject
Project("{9A19103F-16F7-4668-BE54-9A1E7A4F7556}") = "Domain", "Domain\Domain.csproj", "{CB38C525-03E7-416E-AC83-7139C00C31FB}"
EndProject
Project("{9A19103F-16F7-4668-BE54-9A1E7A4F7556}") = "DAL", "DAL\DAL.csproj", "{9D61E1F6-D829-448E-B2B3-9D0887F44246}"
EndProject
Project("{9A19103F-16F7-4668-BE54-9A1E7A4F7556}") = "BLL", "BLL\BLL.csproj", "{397C3126-25F0-459C-95C4-F04B0C751587}"
EndProject
Project("{9A19103F-16F7-4668-BE54-9A1E7A4F7556}") = "Application.Tests", "Application.Tests\Application.Tests.csproj", "{08EF9745-87FE-4D2F-A189-B299FAC54814}"
EndProject
Project("{9A19103F-16F7-4668-BE54-9A1E7A4F7556}") = "Infrastructure", "Infrastructure\Infrastructure.csproj", "{D2260425-C53F-451D-A639-056F01E6E6F5}"
EndProject
Project("{9A19103F-16F7-4668-BE54-9A1E7A4F7556}") = "Core", "Core\Core.csproj", "{265372D0-4B16-46ED-98EE-AF32E712E418}"
EndProject
Project("{FAE04EC0-301F-11D3-BF4B-00C04F79EFBC}") = "ApplicationConsole", "ApplicationConsole\ApplicationConsole.csproj", "{821E782C-778B-4492-8F19-21350941FBC8}"
EndProject
Project("{2150E333-8FDC-42A3-9474-1A3956D46DE8}") = "source", "source", "{D33AA744-B09F-4148-9ADD-06214EB2A5C8}"
EndProject
Project("{2150E333-8FDC-42A3-9474-1A3956D46DE8}") = "test", "test", "{7C9388D7-74DD-4DAD-B3D4-4B4AC22A90FE}"
EndProject
Project("{2150E333-8FDC-42A3-9474-1A3956D46DE8}") = "documentation", "documentation", "{75B3C125-C078-4332-A8AD-364640B14137}"
	ProjectSection(SolutionItems) = preProject
		..\..\..\Documents\homework.md = ..\..\..\Documents\homework.md
		readme.txt = readme.txt
	EndProjectSection
EndProject
Global
	GlobalSection(SolutionConfigurationPlatforms) = preSolution
		Debug|Any CPU = Debug|Any CPU
		Release|Any CPU = Release|Any CPU
	EndGlobalSection
	GlobalSection(ProjectConfigurationPlatforms) = postSolution
		{4A317A4E-8857-4DCF-A1AC-AE80B1349E02}.Debug|Any CPU.ActiveCfg = Debug|Any CPU
		{4A317A4E-8857-4DCF-A1AC-AE80B1349E02}.Debug|Any CPU.Build.0 = Debug|Any CPU
		{4A317A4E-8857-4DCF-A1AC-AE80B1349E02}.Release|Any CPU.ActiveCfg = Release|Any CPU
		{4A317A4E-8857-4DCF-A1AC-AE80B1349E02}.Release|Any CPU.Build.0 = Release|Any CPU
		{CB38C525-03E7-416E-AC83-7139C00C31FB}.Debug|Any CPU.ActiveCfg = Debug|Any CPU
		{CB38C525-03E7-416E-AC83-7139C00C31FB}.Debug|Any CPU.Build.0 = Debug|Any CPU
		{CB38C525-03E7-416E-AC83-7139C00C31FB}.Release|Any CPU.ActiveCfg = Release|Any CPU
		{CB38C525-03E7-416E-AC83-7139C00C31FB}.Release|Any CPU.Build.0 = Release|Any CPU
		{9D61E1F6-D829-448E-B2B3-9D0887F44246}.Debug|Any CPU.ActiveCfg = Debug|Any CPU
		{9D61E1F6-D829-448E-B2B3-9D0887F44246}.Debug|Any CPU.Build.0 = Debug|Any CPU
		{9D61E1F6-D829-448E-B2B3-9D0887F44246}.Release|Any CPU.ActiveCfg = Release|Any CPU
		{9D61E1F6-D829-448E-B2B3-9D0887F44246}.Release|Any CPU.Build.0 = Release|Any CPU
		{397C3126-25F0-459C-95C4-F04B0C751587}.Debug|Any CPU.ActiveCfg = Debug|Any CPU
		{397C3126-25F0-459C-95C4-F04B0C751587}.Debug|Any CPU.Build.0 = Debug|Any CPU
		{397C3126-25F0-459C-95C4-F04B0C751587}.Release|Any CPU.ActiveCfg = Release|Any CPU
		{397C3126-25F0-459C-95C4-F04B0C751587}.Release|Any CPU.Build.0 = Release|Any CPU
		{08EF9745-87FE-4D2F-A189-B299FAC54814}.Debug|Any CPU.ActiveCfg = Debug|Any CPU
		{08EF9745-87FE-4D2F-A189-B299FAC54814}.Debug|Any CPU.Build.0 = Debug|Any CPU
		{08EF9745-87FE-4D2F-A189-B299FAC54814}.Release|Any CPU.ActiveCfg = Release|Any CPU
		{08EF9745-87FE-4D2F-A189-B299FAC54814}.Release|Any CPU.Build.0 = Release|Any CPU
		{D2260425-C53F-451D-A639-056F01E6E6F5}.Debug|Any CPU.ActiveCfg = Debug|Any CPU
		{D2260425-C53F-451D-A639-056F01E6E6F5}.Debug|Any CPU.Build.0 = Debug|Any CPU
		{D2260425-C53F-451D-A639-056F01E6E6F5}.Release|Any CPU.ActiveCfg = Release|Any CPU
		{D2260425-C53F-451D-A639-056F01E6E6F5}.Release|Any CPU.Build.0 = Release|Any CPU
		{265372D0-4B16-46ED-98EE-AF32E712E418}.Debug|Any CPU.ActiveCfg = Debug|Any CPU
		{265372D0-4B16-46ED-98EE-AF32E712E418}.Debug|Any CPU.Build.0 = Debug|Any CPU
		{265372D0-4B16-46ED-98EE-AF32E712E418}.Release|Any CPU.ActiveCfg = Release|Any CPU
		{265372D0-4B16-46ED-98EE-AF32E712E418}.Release|Any CPU.Build.0 = Release|Any CPU
		{821E782C-778B-4492-8F19-21350941FBC8}.Debug|Any CPU.ActiveCfg = Debug|Any CPU
		{821E782C-778B-4492-8F19-21350941FBC8}.Debug|Any CPU.Build.0 = Debug|Any CPU
		{821E782C-778B-4492-8F19-21350941FBC8}.Release|Any CPU.ActiveCfg = Release|Any CPU
		{821E782C-778B-4492-8F19-21350941FBC8}.Release|Any CPU.Build.0 = Release|Any CPU
	EndGlobalSection
	GlobalSection(SolutionProperties) = preSolution
		HideSolutionNode = FALSE
	EndGlobalSection
	GlobalSection(NestedProjects) = preSolution
		{4A317A4E-8857-4DCF-A1AC-AE80B1349E02} = {D33AA744-B09F-4148-9ADD-06214EB2A5C8}
		{CB38C525-03E7-416E-AC83-7139C00C31FB} = {D33AA744-B09F-4148-9ADD-06214EB2A5C8}
		{9D61E1F6-D829-448E-B2B3-9D0887F44246} = {D33AA744-B09F-4148-9ADD-06214EB2A5C8}
		{397C3126-25F0-459C-95C4-F04B0C751587} = {D33AA744-B09F-4148-9ADD-06214EB2A5C8}
		{08EF9745-87FE-4D2F-A189-B299FAC54814} = {7C9388D7-74DD-4DAD-B3D4-4B4AC22A90FE}
		{D2260425-C53F-451D-A639-056F01E6E6F5} = {D33AA744-B09F-4148-9ADD-06214EB2A5C8}
		{265372D0-4B16-46ED-98EE-AF32E712E418} = {D33AA744-B09F-4148-9ADD-06214EB2A5C8}
		{821E782C-778B-4492-8F19-21350941FBC8} = {D33AA744-B09F-4148-9ADD-06214EB2A5C8}
	EndGlobalSection
	GlobalSection(ExtensibilityGlobals) = postSolution
		SolutionGuid = {80693A51-C467-4919-A49A-FA781FD0391E}
	EndGlobalSection
EndGlobal
