
Microsoft Visual Studio Solution File, Format Version 12.00
# Visual Studio 15
VisualStudioVersion = 15.0.27428.2015
MinimumVisualStudioVersion = 10.0.40219.1
Project("{FAE04EC0-301F-11D3-BF4B-00C04F79EFBC}") = "Application", "Application\Application.csproj", "{4A317A4E-8857-4DCF-A1AC-AE80B1349E02}"
EndProject
Global
	GlobalSection(SolutionConfigurationPlatforms) = preSolution
		Debug|Any CPU = Debug|Any CPU
		Release|Any CPU = Release|Any CPU
	EndGlobalSection
	GlobalSection(ProjectConfigurationPlatforms) = postSolution
		{4A317A4E-8857-4DCF-A1AC-AE80B1349E02}.Debug|Any CPU.ActiveCfg = Debug|Any CPU
		{4A317A4E-8857-4DCF-A1AC-AE80B1349E02}.Debug|Any CPU.Build.0 = Debug|Any CPU
		{4A317A4E-8857-4DCF-A1AC-AE80B1349E02}.Release|Any CPU.ActiveCfg = Release|Any CPU
		{4A317A4E-8857-4DCF-A1AC-AE80B1349E02}.Release|Any CPU.Build.0 = Release|Any CPU
	EndGlobalSection
	GlobalSection(SolutionProperties) = preSolution
		HideSolutionNode = FALSE
	EndGlobalSection
	GlobalSection(ExtensibilityGlobals) = postSolution
		SolutionGuid = {80693A51-C467-4919-A49A-FA781FD0391E}
	EndGlobalSection
EndGlobal
